// !$*UTF8*$!
{
	archiveVersion = 1;
	classes = {
	};
	objectVersion = 46;
	objects = {

/* Begin PBXBuildFile section */
		E1816FA815C297DC004C5496 /* UIKit.framework in Frameworks */ = {isa = PBXBuildFile; fileRef = E1816FA715C297DC004C5496 /* UIKit.framework */; };
		E1816FAA15C297DC004C5496 /* Foundation.framework in Frameworks */ = {isa = PBXBuildFile; fileRef = E1816FA915C297DC004C5496 /* Foundation.framework */; };
		E1816FAC15C297DC004C5496 /* CoreGraphics.framework in Frameworks */ = {isa = PBXBuildFile; fileRef = E1816FAB15C297DC004C5496 /* CoreGraphics.framework */; };
		E1816FD215C298B2004C5496 /* InfoPlist.strings in Resources */ = {isa = PBXBuildFile; fileRef = E1816FC715C298B2004C5496 /* InfoPlist.strings */; };
		E1816FD315C298B2004C5496 /* RootViewController.xib in Resources */ = {isa = PBXBuildFile; fileRef = E1816FC915C298B2004C5496 /* RootViewController.xib */; };
		E1816FD415C298B2004C5496 /* AppDelegate.m in Sources */ = {isa = PBXBuildFile; fileRef = E1816FCC15C298B2004C5496 /* AppDelegate.m */; };
		E1816FD515C298B2004C5496 /* main.m in Sources */ = {isa = PBXBuildFile; fileRef = E1816FCE15C298B2004C5496 /* main.m */; };
		E1816FD615C298B2004C5496 /* RootViewController.m in Sources */ = {isa = PBXBuildFile; fileRef = E1816FD015C298B2004C5496 /* RootViewController.m */; };
		E1816FD915C29AC8004C5496 /* ListViewController.m in Sources */ = {isa = PBXBuildFile; fileRef = E1816FD815C29AC8004C5496 /* ListViewController.m */; };
		E1816FDF15C2AA20004C5496 /* FeedEntity.m in Sources */ = {isa = PBXBuildFile; fileRef = E1816FDE15C2AA20004C5496 /* FeedEntity.m */; };
		E1816FE215C2AAEC004C5496 /* FeedList.m in Sources */ = {isa = PBXBuildFile; fileRef = E1816FE115C2AAEC004C5496 /* FeedList.m */; };
		E1816FE515C2AC54004C5496 /* MutableFeedList.m in Sources */ = {isa = PBXBuildFile; fileRef = E1816FE415C2AC54004C5496 /* MutableFeedList.m */; };
/* End PBXBuildFile section */

/* Begin PBXFileReference section */
		E1816FA315C297DC004C5496 /* hamster.app */ = {isa = PBXFileReference; explicitFileType = wrapper.application; includeInIndex = 0; path = hamster.app; sourceTree = BUILT_PRODUCTS_DIR; };
		E1816FA715C297DC004C5496 /* UIKit.framework */ = {isa = PBXFileReference; lastKnownFileType = wrapper.framework; name = UIKit.framework; path = System/Library/Frameworks/UIKit.framework; sourceTree = SDKROOT; };
		E1816FA915C297DC004C5496 /* Foundation.framework */ = {isa = PBXFileReference; lastKnownFileType = wrapper.framework; name = Foundation.framework; path = System/Library/Frameworks/Foundation.framework; sourceTree = SDKROOT; };
		E1816FAB15C297DC004C5496 /* CoreGraphics.framework */ = {isa = PBXFileReference; lastKnownFileType = wrapper.framework; name = CoreGraphics.framework; path = System/Library/Frameworks/CoreGraphics.framework; sourceTree = SDKROOT; };
		E1816FC515C298B2004C5496 /* hamster-Info.plist */ = {isa = PBXFileReference; fileEncoding = 4; lastKnownFileType = text.plist.xml; path = "hamster-Info.plist"; sourceTree = "<group>"; };
		E1816FC715C298B2004C5496 /* InfoPlist.strings */ = {isa = PBXFileReference; fileEncoding = 4; lastKnownFileType = text.plist.strings; path = InfoPlist.strings; sourceTree = "<group>"; };
		E1816FC915C298B2004C5496 /* RootViewController.xib */ = {isa = PBXFileReference; fileEncoding = 4; lastKnownFileType = file.xib; path = RootViewController.xib; sourceTree = "<group>"; };
		E1816FCB15C298B2004C5496 /* AppDelegate.h */ = {isa = PBXFileReference; fileEncoding = 4; lastKnownFileType = sourcecode.c.h; path = AppDelegate.h; sourceTree = "<group>"; };
		E1816FCC15C298B2004C5496 /* AppDelegate.m */ = {isa = PBXFileReference; fileEncoding = 4; lastKnownFileType = sourcecode.c.objc; path = AppDelegate.m; sourceTree = "<group>"; };
		E1816FCD15C298B2004C5496 /* hamster-Prefix.pch */ = {isa = PBXFileReference; fileEncoding = 4; lastKnownFileType = sourcecode.c.h; path = "hamster-Prefix.pch"; sourceTree = "<group>"; };
		E1816FCE15C298B2004C5496 /* main.m */ = {isa = PBXFileReference; fileEncoding = 4; lastKnownFileType = sourcecode.c.objc; path = main.m; sourceTree = "<group>"; };
		E1816FCF15C298B2004C5496 /* RootViewController.h */ = {isa = PBXFileReference; fileEncoding = 4; lastKnownFileType = sourcecode.c.h; path = RootViewController.h; sourceTree = "<group>"; };
		E1816FD015C298B2004C5496 /* RootViewController.m */ = {isa = PBXFileReference; fileEncoding = 4; lastKnownFileType = sourcecode.c.objc; path = RootViewController.m; sourceTree = "<group>"; };
		E1816FD715C29AC8004C5496 /* ListViewController.h */ = {isa = PBXFileReference; fileEncoding = 4; lastKnownFileType = sourcecode.c.h; path = ListViewController.h; sourceTree = "<group>"; };
		E1816FD815C29AC8004C5496 /* ListViewController.m */ = {isa = PBXFileReference; fileEncoding = 4; lastKnownFileType = sourcecode.c.objc; path = ListViewController.m; sourceTree = "<group>"; };
		E1816FDA15C29CA0004C5496 /* NavItem.h */ = {isa = PBXFileReference; lastKnownFileType = sourcecode.c.h; path = NavItem.h; sourceTree = "<group>"; };
		E1816FDD15C2AA20004C5496 /* FeedEntity.h */ = {isa = PBXFileReference; fileEncoding = 4; lastKnownFileType = sourcecode.c.h; path = FeedEntity.h; sourceTree = "<group>"; };
		E1816FDE15C2AA20004C5496 /* FeedEntity.m */ = {isa = PBXFileReference; fileEncoding = 4; lastKnownFileType = sourcecode.c.objc; path = FeedEntity.m; sourceTree = "<group>"; };
		E1816FE015C2AAEC004C5496 /* FeedList.h */ = {isa = PBXFileReference; fileEncoding = 4; lastKnownFileType = sourcecode.c.h; path = FeedList.h; sourceTree = "<group>"; };
		E1816FE115C2AAEC004C5496 /* FeedList.m */ = {isa = PBXFileReference; fileEncoding = 4; lastKnownFileType = sourcecode.c.objc; path = FeedList.m; sourceTree = "<group>"; };
		E1816FE415C2AC54004C5496 /* MutableFeedList.m */ = {isa = PBXFileReference; fileEncoding = 4; lastKnownFileType = sourcecode.c.objc; path = MutableFeedList.m; sourceTree = "<group>"; };
/* End PBXFileReference section */

/* Begin PBXFrameworksBuildPhase section */
		E1816FA015C297DC004C5496 /* Frameworks */ = {
			isa = PBXFrameworksBuildPhase;
			buildActionMask = 2147483647;
			files = (
				E1816FA815C297DC004C5496 /* UIKit.framework in Frameworks */,
				E1816FAA15C297DC004C5496 /* Foundation.framework in Frameworks */,
				E1816FAC15C297DC004C5496 /* CoreGraphics.framework in Frameworks */,
			);
			runOnlyForDeploymentPostprocessing = 0;
		};
/* End PBXFrameworksBuildPhase section */

/* Begin PBXGroup section */
		E1816F9815C297DC004C5496 = {
			isa = PBXGroup;
			children = (
				E1816FCA15C298B2004C5496 /* sources */,
				E1816FC415C298B2004C5496 /* resources */,
				E1816FA615C297DC004C5496 /* frameworks */,
				E1816FA415C297DC004C5496 /* products */,
			);
			sourceTree = "<group>";
		};
		E1816FA415C297DC004C5496 /* products */ = {
			isa = PBXGroup;
			children = (
				E1816FA315C297DC004C5496 /* hamster.app */,
			);
			name = products;
			sourceTree = "<group>";
		};
		E1816FA615C297DC004C5496 /* frameworks */ = {
			isa = PBXGroup;
			children = (
				E1816FA715C297DC004C5496 /* UIKit.framework */,
				E1816FA915C297DC004C5496 /* Foundation.framework */,
				E1816FAB15C297DC004C5496 /* CoreGraphics.framework */,
			);
			name = frameworks;
			sourceTree = "<group>";
		};
		E1816FC415C298B2004C5496 /* resources */ = {
			isa = PBXGroup;
			children = (
				E1816FC515C298B2004C5496 /* hamster-Info.plist */,
				E1816FC615C298B2004C5496 /* strings */,
				E1816FC815C298B2004C5496 /* xibs */,
			);
			path = resources;
			sourceTree = "<group>";
		};
		E1816FC615C298B2004C5496 /* strings */ = {
			isa = PBXGroup;
			children = (
				E1816FC715C298B2004C5496 /* InfoPlist.strings */,
			);
			path = strings;
			sourceTree = "<group>";
		};
		E1816FC815C298B2004C5496 /* xibs */ = {
			isa = PBXGroup;
			children = (
				E1816FC915C298B2004C5496 /* RootViewController.xib */,
			);
			path = xibs;
			sourceTree = "<group>";
		};
		E1816FCA15C298B2004C5496 /* sources */ = {
			isa = PBXGroup;
			children = (
				E1816FCD15C298B2004C5496 /* hamster-Prefix.pch */,
				E1816FCE15C298B2004C5496 /* main.m */,
				E1816FCB15C298B2004C5496 /* AppDelegate.h */,
				E1816FCC15C298B2004C5496 /* AppDelegate.m */,
				E1816FCF15C298B2004C5496 /* RootViewController.h */,
				E1816FD015C298B2004C5496 /* RootViewController.m */,
				E1816FD715C29AC8004C5496 /* ListViewController.h */,
				E1816FD815C29AC8004C5496 /* ListViewController.m */,
				E1816FDA15C29CA0004C5496 /* NavItem.h */,
				E1816FDD15C2AA20004C5496 /* FeedEntity.h */,
				E1816FDE15C2AA20004C5496 /* FeedEntity.m */,
				E1816FE015C2AAEC004C5496 /* FeedList.h */,
				E1816FE115C2AAEC004C5496 /* FeedList.m */,
				E1816FE415C2AC54004C5496 /* MutableFeedList.m */,
			);
			path = sources;
			sourceTree = "<group>";
		};
/* End PBXGroup section */

/* Begin PBXNativeTarget section */
		E1816FA215C297DC004C5496 /* hamster */ = {
			isa = PBXNativeTarget;
			buildConfigurationList = E1816FC115C297DC004C5496 /* Build configuration list for PBXNativeTarget "hamster" */;
			buildPhases = (
				E1816F9F15C297DC004C5496 /* Sources */,
				E1816FA015C297DC004C5496 /* Frameworks */,
				E1816FA115C297DC004C5496 /* Resources */,
			);
			buildRules = (
			);
			dependencies = (
			);
			name = hamster;
			productName = hamster;
			productReference = E1816FA315C297DC004C5496 /* hamster.app */;
			productType = "com.apple.product-type.application";
		};
/* End PBXNativeTarget section */

/* Begin PBXProject section */
		E1816F9A15C297DC004C5496 /* Project object */ = {
			isa = PBXProject;
			attributes = {
				LastUpgradeCheck = 0430;
			};
			buildConfigurationList = E1816F9D15C297DC004C5496 /* Build configuration list for PBXProject "hamster" */;
			compatibilityVersion = "Xcode 3.2";
			developmentRegion = English;
			hasScannedForEncodings = 0;
			knownRegions = (
				en,
			);
			mainGroup = E1816F9815C297DC004C5496;
			productRefGroup = E1816FA415C297DC004C5496 /* products */;
			projectDirPath = "";
			projectRoot = "";
			targets = (
				E1816FA215C297DC004C5496 /* hamster */,
			);
		};
/* End PBXProject section */

/* Begin PBXResourcesBuildPhase section */
		E1816FA115C297DC004C5496 /* Resources */ = {
			isa = PBXResourcesBuildPhase;
			buildActionMask = 2147483647;
			files = (
				E1816FD215C298B2004C5496 /* InfoPlist.strings in Resources */,
				E1816FD315C298B2004C5496 /* RootViewController.xib in Resources */,
			);
			runOnlyForDeploymentPostprocessing = 0;
		};
/* End PBXResourcesBuildPhase section */

/* Begin PBXSourcesBuildPhase section */
		E1816F9F15C297DC004C5496 /* Sources */ = {
			isa = PBXSourcesBuildPhase;
			buildActionMask = 2147483647;
			files = (
				E1816FD415C298B2004C5496 /* AppDelegate.m in Sources */,
				E1816FD515C298B2004C5496 /* main.m in Sources */,
				E1816FD615C298B2004C5496 /* RootViewController.m in Sources */,
				E1816FD915C29AC8004C5496 /* ListViewController.m in Sources */,
				E1816FDF15C2AA20004C5496 /* FeedEntity.m in Sources */,
				E1816FE215C2AAEC004C5496 /* FeedList.m in Sources */,
				E1816FE515C2AC54004C5496 /* MutableFeedList.m in Sources */,
			);
			runOnlyForDeploymentPostprocessing = 0;
		};
/* End PBXSourcesBuildPhase section */

/* Begin XCBuildConfiguration section */
		E1816FBF15C297DC004C5496 /* Debug */ = {
			isa = XCBuildConfiguration;
			buildSettings = {
				ALWAYS_SEARCH_USER_PATHS = NO;
				ARCHS = "$(ARCHS_STANDARD_32_BIT)";
				CLANG_ENABLE_OBJC_ARC = YES;
				"CODE_SIGN_IDENTITY[sdk=iphoneos*]" = "iPhone Developer";
				COPY_PHASE_STRIP = NO;
				GCC_C_LANGUAGE_STANDARD = gnu99;
				GCC_DYNAMIC_NO_PIC = NO;
				GCC_OPTIMIZATION_LEVEL = 0;
				GCC_PREPROCESSOR_DEFINITIONS = (
					"DEBUG=1",
					"$(inherited)",
				);
				GCC_SYMBOLS_PRIVATE_EXTERN = NO;
				GCC_VERSION = com.apple.compilers.llvm.clang.1_0;
				GCC_WARN_ABOUT_MISSING_NEWLINE = YES;
				GCC_WARN_ABOUT_RETURN_TYPE = YES;
				GCC_WARN_UNINITIALIZED_AUTOS = YES;
				GCC_WARN_UNUSED_VARIABLE = YES;
				IPHONEOS_DEPLOYMENT_TARGET = 5.1;
				RUN_CLANG_STATIC_ANALYZER = YES;
				SDKROOT = iphoneos;
			};
			name = Debug;
		};
		E1816FC015C297DC004C5496 /* Release */ = {
			isa = XCBuildConfiguration;
			buildSettings = {
				ALWAYS_SEARCH_USER_PATHS = NO;
				ARCHS = "$(ARCHS_STANDARD_32_BIT)";
				CLANG_ENABLE_OBJC_ARC = YES;
				"CODE_SIGN_IDENTITY[sdk=iphoneos*]" = "iPhone Developer";
				COPY_PHASE_STRIP = YES;
				GCC_C_LANGUAGE_STANDARD = gnu99;
				GCC_VERSION = com.apple.compilers.llvm.clang.1_0;
				GCC_WARN_ABOUT_MISSING_NEWLINE = YES;
				GCC_WARN_ABOUT_RETURN_TYPE = YES;
				GCC_WARN_UNINITIALIZED_AUTOS = YES;
				GCC_WARN_UNUSED_VARIABLE = YES;
				IPHONEOS_DEPLOYMENT_TARGET = 5.1;
				OTHER_CFLAGS = "-DNS_BLOCK_ASSERTIONS=1";
				RUN_CLANG_STATIC_ANALYZER = YES;
				SDKROOT = iphoneos;
				VALIDATE_PRODUCT = YES;
			};
			name = Release;
		};
		E1816FC215C297DC004C5496 /* Debug */ = {
			isa = XCBuildConfiguration;
			buildSettings = {
				GCC_PRECOMPILE_PREFIX_HEADER = YES;
				GCC_PREFIX_HEADER = "sources/hamster-Prefix.pch";
				INFOPLIST_FILE = "resources/hamster-Info.plist";
				PRODUCT_NAME = "$(TARGET_NAME)";
				WRAPPER_EXTENSION = app;
			};
			name = Debug;
		};
		E1816FC315C297DC004C5496 /* Release */ = {
			isa = XCBuildConfiguration;
			buildSettings = {
				GCC_PRECOMPILE_PREFIX_HEADER = YES;
				GCC_PREFIX_HEADER = "sources/hamster-Prefix.pch";
				INFOPLIST_FILE = "resources/hamster-Info.plist";
				PRODUCT_NAME = "$(TARGET_NAME)";
				WRAPPER_EXTENSION = app;
			};
			name = Release;
		};
/* End XCBuildConfiguration section */

/* Begin XCConfigurationList section */
		E1816F9D15C297DC004C5496 /* Build configuration list for PBXProject "hamster" */ = {
			isa = XCConfigurationList;
			buildConfigurations = (
				E1816FBF15C297DC004C5496 /* Debug */,
				E1816FC015C297DC004C5496 /* Release */,
			);
			defaultConfigurationIsVisible = 0;
			defaultConfigurationName = Release;
		};
		E1816FC115C297DC004C5496 /* Build configuration list for PBXNativeTarget "hamster" */ = {
			isa = XCConfigurationList;
			buildConfigurations = (
				E1816FC215C297DC004C5496 /* Debug */,
				E1816FC315C297DC004C5496 /* Release */,
			);
			defaultConfigurationIsVisible = 0;
		};
/* End XCConfigurationList section */
	};
	rootObject = E1816F9A15C297DC004C5496 /* Project object */;
}
